{
  "name": "quicksort",
  "version": "1.0.0",
  "lockfileVersion": 3,
  "requires": true,
  "packages": {
    "": {
      "name": "quicksort",
      "version": "1.0.0",
      "license": "ISC",
      "dependencies": {
        "@alvarocastro/quicksort": "^1.0.5"
      }
    },
    "node_modules/@alvarocastro/quicksort": {
      "version": "1.0.5",
      "resolved": "https://registry.npmjs.org/@alvarocastro/quicksort/-/quicksort-1.0.5.tgz",
      "integrity": "sha512-l7tm+d4hLrSRkh/Rpc+ndGCQ8AR2qZXbl14tlBLeyZlTfP6p7PH9ai3ZwTxMUjIXYaRmCGRvaNxtjyp3OV9GTA==",
      "license": "MIT"
    }
  }
}
